<Solution>
  <Folder Name="/src/">
    <Project Path="src/VSCopilotSwitch.Core/VSCopilotSwitch.Core.csproj" />
    <Project Path="src/VSCopilotSwitch.Ui/VSCopilotSwitch.Ui.esproj">
      <Build />
      <Deploy />
    </Project>
    <Project Path="src/VSCopilotSwitch/VSCopilotSwitch.csproj" />
    <Project Path="src/VSCopilotSwitch.VsCodeConfig/VSCopilotSwitch.VsCodeConfig.csproj" />
  </Folder>
  <Folder Name="/tests/">
    <Project Path="tests/VSCopilotSwitch.Core.Tests/VSCopilotSwitch.Core.Tests.csproj" />
    <Project Path="tests/VSCopilotSwitch.VsCodeConfig.Tests/VSCopilotSwitch.VsCodeConfig.Tests.csproj" />
  </Folder>
  <Folder Name="/external/OmniHost/src/">
    <Project Path="external/OmniHost/src/OmniHost.Abstractions/OmniHost.Abstractions.csproj" />
    <Project Path="external/OmniHost/src/OmniHost.Core/OmniHost.Core.csproj" />
    <Project Path="external/OmniHost/src/OmniHost/OmniHost.csproj" />
    <Project Path="external/OmniHost/src/OmniHost.Windows/OmniHost.Windows.csproj" />
    <Project Path="external/OmniHost/src/OmniHost.WebView2/OmniHost.WebView2.csproj" />
    <Project Path="external/OmniHost/src/OmniHost.NativeWebView2/OmniHost.NativeWebView2.csproj" />
  </Folder>
</Solution>
