<Solution>
  <Folder Name="/src/">
    <Project Path="src/VSCopilotSwitch.Core/VSCopilotSwitch.Core.csproj" />
    <Project Path="src/VSCopilotSwitch/VSCopilotSwitch.csproj" />
    <Project Path="src/VSCopilotSwitch.VsCodeConfig/VSCopilotSwitch.VsCodeConfig.csproj" />
  </Folder>
  <Folder Name="/tests/">
    <Project Path="tests/VSCopilotSwitch.Core.Tests/VSCopilotSwitch.Core.Tests.csproj" />
    <Project Path="tests/VSCopilotSwitch.Services.Tests/VSCopilotSwitch.Services.Tests.csproj" />
    <Project Path="tests/VSCopilotSwitch.VsCodeConfig.Tests/VSCopilotSwitch.VsCodeConfig.Tests.csproj" />
  </Folder>
  <Folder Name="/external/" />
</Solution>
